{
  "git_tag": "v1.0.0",
  "git_commit": "6fdc5b0558c9bd9fe4483be0cb7d63b4d764d531",
  "timestamp": "2026-07-22T18:14:53Z",
  "configuration_hash": "5b61e2f4c48940b4e0bbbc45e838f0fa",
  "dataset_manifest_hash": "72ba64725a5260dfe47c33afde56f336",
  "python_version": "3.11.0",
  "pytorch_version": "2.2.1+cpu"
}